
Microsoft Visual Studio Solution File, Format Version 12.00
# Visual Studio Version 17
VisualStudioVersion = 17.0.32014.148
MinimumVisualStudioVersion = 10.0.40219.1
Project("{FAE04EC0-301F-11D3-BF4B-00C04F79EFBC}") = "RentHub.Server", "RentHub\Server\RentHub.Server.csproj", "{916A3547-6336-419E-B341-D8F14D680ADE}"
EndProject
Project("{FAE04EC0-301F-11D3-BF4B-00C04F79EFBC}") = "RentHub.Client", "RentHub\Client\RentHub.Client.csproj", "{A79C70AD-89CA-4289-BAA0-52EBF386967C}"
EndProject
Project("{FAE04EC0-301F-11D3-BF4B-00C04F79EFBC}") = "RentHub.Shared", "RentHub\Shared\RentHub.Shared.csproj", "{930A4444-226E-4F96-B484-78D8FF31832A}"
EndProject
Global
	GlobalSection(SolutionConfigurationPlatforms) = preSolution
		Debug|Any CPU = Debug|Any CPU
		Release|Any CPU = Release|Any CPU
	EndGlobalSection
	GlobalSection(ProjectConfigurationPlatforms) = postSolution
		{916A3547-6336-419E-B341-D8F14D680ADE}.Debug|Any CPU.ActiveCfg = Debug|Any CPU
		{916A3547-6336-419E-B341-D8F14D680ADE}.Debug|Any CPU.Build.0 = Debug|Any CPU
		{916A3547-6336-419E-B341-D8F14D680ADE}.Release|Any CPU.ActiveCfg = Release|Any CPU
		{916A3547-6336-419E-B341-D8F14D680ADE}.Release|Any CPU.Build.0 = Release|Any CPU
		{A79C70AD-89CA-4289-BAA0-52EBF386967C}.Debug|Any CPU.ActiveCfg = Debug|Any CPU
		{A79C70AD-89CA-4289-BAA0-52EBF386967C}.Debug|Any CPU.Build.0 = Debug|Any CPU
		{A79C70AD-89CA-4289-BAA0-52EBF386967C}.Release|Any CPU.ActiveCfg = Release|Any CPU
		{A79C70AD-89CA-4289-BAA0-52EBF386967C}.Release|Any CPU.Build.0 = Release|Any CPU
		{930A4444-226E-4F96-B484-78D8FF31832A}.Debug|Any CPU.ActiveCfg = Debug|Any CPU
		{930A4444-226E-4F96-B484-78D8FF31832A}.Debug|Any CPU.Build.0 = Debug|Any CPU
		{930A4444-226E-4F96-B484-78D8FF31832A}.Release|Any CPU.ActiveCfg = Release|Any CPU
		{930A4444-226E-4F96-B484-78D8FF31832A}.Release|Any CPU.Build.0 = Release|Any CPU
	EndGlobalSection
	GlobalSection(SolutionProperties) = preSolution
		HideSolutionNode = FALSE
	EndGlobalSection
	GlobalSection(ExtensibilityGlobals) = postSolution
		SolutionGuid = {A6E3326F-CF7B-48CD-A00E-73B7E968B00A}
	EndGlobalSection
EndGlobal
